
Microsoft Visual Studio Solution File, Format Version 12.00
# Visual Studio 15
VisualStudioVersion = 15.0.26430.12
MinimumVisualStudioVersion = 10.0.40219.1
Project("{FAE04EC0-301F-11D3-BF4B-00C04F79EFBC}") = "GlobalPlatform.NET", "GlobalPlatform.NET\GlobalPlatform.NET.csproj", "{8F84C38F-1FDD-42EA-8056-C1E2EF6B09FC}"
EndProject
Project("{FAE04EC0-301F-11D3-BF4B-00C04F79EFBC}") = "GlobalPlatform.NET.Tests", "..\test\GlobalPlatform.NET.Tests\GlobalPlatform.NET.Tests.csproj", "{A00A5242-B9CF-49A1-A25E-1AE618305A49}"
EndProject
Global
	GlobalSection(SolutionConfigurationPlatforms) = preSolution
		Debug|Any CPU = Debug|Any CPU
		Release|Any CPU = Release|Any CPU
	EndGlobalSection
	GlobalSection(ProjectConfigurationPlatforms) = postSolution
		{8F84C38F-1FDD-42EA-8056-C1E2EF6B09FC}.Debug|Any CPU.ActiveCfg = Debug|Any CPU
		{8F84C38F-1FDD-42EA-8056-C1E2EF6B09FC}.Debug|Any CPU.Build.0 = Debug|Any CPU
		{8F84C38F-1FDD-42EA-8056-C1E2EF6B09FC}.Release|Any CPU.ActiveCfg = Release|Any CPU
		{8F84C38F-1FDD-42EA-8056-C1E2EF6B09FC}.Release|Any CPU.Build.0 = Release|Any CPU
		{A00A5242-B9CF-49A1-A25E-1AE618305A49}.Debug|Any CPU.ActiveCfg = Debug|Any CPU
		{A00A5242-B9CF-49A1-A25E-1AE618305A49}.Debug|Any CPU.Build.0 = Debug|Any CPU
		{A00A5242-B9CF-49A1-A25E-1AE618305A49}.Release|Any CPU.ActiveCfg = Release|Any CPU
		{A00A5242-B9CF-49A1-A25E-1AE618305A49}.Release|Any CPU.Build.0 = Release|Any CPU
	EndGlobalSection
	GlobalSection(SolutionProperties) = preSolution
		HideSolutionNode = FALSE
	EndGlobalSection
EndGlobal
